
Microsoft Visual Studio Solution File, Format Version 12.00
# Visual Studio Version 17
VisualStudioVersion = 17.8.34330.188
MinimumVisualStudioVersion = 10.0.40219.1
Project("{FAE04EC0-301F-11D3-BF4B-00C04F79EFBC}") = "BankManage", "BankManage\BankManage.csproj", "{3D81B62A-E579-4B7F-B968-C59EDD33D907}"
EndProject
Global
	GlobalSection(SolutionConfigurationPlatforms) = preSolution
		Debug|Any CPU = Debug|Any CPU
		Release|Any CPU = Release|Any CPU
	EndGlobalSection
	GlobalSection(ProjectConfigurationPlatforms) = postSolution
		{3D81B62A-E579-4B7F-B968-C59EDD33D907}.Debug|Any CPU.ActiveCfg = Debug|Any CPU
		{3D81B62A-E579-4B7F-B968-C59EDD33D907}.Debug|Any CPU.Build.0 = Debug|Any CPU
		{3D81B62A-E579-4B7F-B968-C59EDD33D907}.Release|Any CPU.ActiveCfg = Release|Any CPU
		{3D81B62A-E579-4B7F-B968-C59EDD33D907}.Release|Any CPU.Build.0 = Release|Any CPU
	EndGlobalSection
	GlobalSection(SolutionProperties) = preSolution
		HideSolutionNode = FALSE
	EndGlobalSection
	GlobalSection(ExtensibilityGlobals) = postSolution
		SolutionGuid = {0AE7C063-42BC-416F-A7BD-19F859F2A8BC}
	EndGlobalSection
EndGlobal
